
Microsoft Visual Studio Solution File, Format Version 12.00
# Visual Studio 14
VisualStudioVersion = 14.0.25420.1
MinimumVisualStudioVersion = 10.0.40219.1
Project("{FAE04EC0-301F-11D3-BF4B-00C04F79EFBC}") = "Mooooc", "Mooooc\Mooooc\Mooooc.csproj", "{7935D75B-44D7-47DA-8BF3-73969905F25E}"
EndProject
Project("{FAE04EC0-301F-11D3-BF4B-00C04F79EFBC}") = "Mooooc.Droid", "Mooooc\Mooooc.Droid\Mooooc.Droid.csproj", "{4C2D191E-8E99-45DF-BB85-F3D94DB25366}"
EndProject
Project("{FAE04EC0-301F-11D3-BF4B-00C04F79EFBC}") = "Mooooc.iOS", "Mooooc\Mooooc.iOS\Mooooc.iOS.csproj", "{E70EF0D7-F33C-4D97-9E55-743766782405}"
EndProject
Project("{FAE04EC0-301F-11D3-BF4B-00C04F79EFBC}") = "Mooooc.WinPhone", "Mooooc\Mooooc.WinPhone\Mooooc.WinPhone.csproj", "{2205C3F3-2C45-47B1-A119-C5F976BE2A5C}"
EndProject
Project("{FAE04EC0-301F-11D3-BF4B-00C04F79EFBC}") = "Mooooc.UWP", "Mooooc\Mooooc.UWP\Mooooc.UWP.csproj", "{393F0202-535A-4D6C-9EF7-DCAFBF1371FF}"
EndProject
Project("{FAE04EC0-301F-11D3-BF4B-00C04F79EFBC}") = "Mooooc.Windows", "Mooooc\Mooooc.Windows\Mooooc.Windows.csproj", "{77CB4C61-6C7F-4633-8694-1DEC02C3E3B8}"
EndProject
Global
	GlobalSection(SolutionConfigurationPlatforms) = preSolution
		Ad-Hoc|Any CPU = Ad-Hoc|Any CPU
		Ad-Hoc|ARM = Ad-Hoc|ARM
		Ad-Hoc|iPhone = Ad-Hoc|iPhone
		Ad-Hoc|iPhoneSimulator = Ad-Hoc|iPhoneSimulator
		Ad-Hoc|x64 = Ad-Hoc|x64
		Ad-Hoc|x86 = Ad-Hoc|x86
		AppStore|Any CPU = AppStore|Any CPU
		AppStore|ARM = AppStore|ARM
		AppStore|iPhone = AppStore|iPhone
		AppStore|iPhoneSimulator = AppStore|iPhoneSimulator
		AppStore|x64 = AppStore|x64
		AppStore|x86 = AppStore|x86
		Debug|Any CPU = Debug|Any CPU
		Debug|ARM = Debug|ARM
		Debug|iPhone = Debug|iPhone
		Debug|iPhoneSimulator = Debug|iPhoneSimulator
		Debug|x64 = Debug|x64
		Debug|x86 = Debug|x86
		Release|Any CPU = Release|Any CPU
		Release|ARM = Release|ARM
		Release|iPhone = Release|iPhone
		Release|iPhoneSimulator = Release|iPhoneSimulator
		Release|x64 = Release|x64
		Release|x86 = Release|x86
	EndGlobalSection
	GlobalSection(ProjectConfigurationPlatforms) = postSolution
		{7935D75B-44D7-47DA-8BF3-73969905F25E}.Ad-Hoc|Any CPU.ActiveCfg = Release|Any CPU
		{7935D75B-44D7-47DA-8BF3-73969905F25E}.Ad-Hoc|Any CPU.Build.0 = Release|Any CPU
		{7935D75B-44D7-47DA-8BF3-73969905F25E}.Ad-Hoc|ARM.ActiveCfg = Release|Any CPU
		{7935D75B-44D7-47DA-8BF3-73969905F25E}.Ad-Hoc|ARM.Build.0 = Release|Any CPU
		{7935D75B-44D7-47DA-8BF3-73969905F25E}.Ad-Hoc|iPhone.ActiveCfg = Release|Any CPU
		{7935D75B-44D7-47DA-8BF3-73969905F25E}.Ad-Hoc|iPhone.Build.0 = Release|Any CPU
		{7935D75B-44D7-47DA-8BF3-73969905F25E}.Ad-Hoc|iPhoneSimulator.ActiveCfg = Release|Any CPU
		{7935D75B-44D7-47DA-8BF3-73969905F25E}.Ad-Hoc|iPhoneSimulator.Build.0 = Release|Any CPU
		{7935D75B-44D7-47DA-8BF3-73969905F25E}.Ad-Hoc|x64.ActiveCfg = Release|Any CPU
		{7935D75B-44D7-47DA-8BF3-73969905F25E}.Ad-Hoc|x64.Build.0 = Release|Any CPU
		{7935D75B-44D7-47DA-8BF3-73969905F25E}.Ad-Hoc|x86.ActiveCfg = Release|Any CPU
		{7935D75B-44D7-47DA-8BF3-73969905F25E}.Ad-Hoc|x86.Build.0 = Release|Any CPU
		{7935D75B-44D7-47DA-8BF3-73969905F25E}.AppStore|Any CPU.ActiveCfg = Release|Any CPU
		{7935D75B-44D7-47DA-8BF3-73969905F25E}.AppStore|Any CPU.Build.0 = Release|Any CPU
		{7935D75B-44D7-47DA-8BF3-73969905F25E}.AppStore|ARM.ActiveCfg = Release|Any CPU
		{7935D75B-44D7-47DA-8BF3-73969905F25E}.AppStore|ARM.Build.0 = Release|Any CPU
		{7935D75B-44D7-47DA-8BF3-73969905F25E}.AppStore|iPhone.ActiveCfg = Release|Any CPU
		{7935D75B-44D7-47DA-8BF3-73969905F25E}.AppStore|iPhone.Build.0 = Release|Any CPU
		{7935D75B-44D7-47DA-8BF3-73969905F25E}.AppStore|iPhoneSimulator.ActiveCfg = Release|Any CPU
		{7935D75B-44D7-47DA-8BF3-73969905F25E}.AppStore|iPhoneSimulator.Build.0 = Release|Any CPU
		{7935D75B-44D7-47DA-8BF3-73969905F25E}.AppStore|x64.ActiveCfg = Release|Any CPU
		{7935D75B-44D7-47DA-8BF3-73969905F25E}.AppStore|x64.Build.0 = Release|Any CPU
		{7935D75B-44D7-47DA-8BF3-73969905F25E}.AppStore|x86.ActiveCfg = Release|Any CPU
		{7935D75B-44D7-47DA-8BF3-73969905F25E}.AppStore|x86.Build.0 = Release|Any CPU
		{7935D75B-44D7-47DA-8BF3-73969905F25E}.Debug|Any CPU.ActiveCfg = Debug|Any CPU
		{7935D75B-44D7-47DA-8BF3-73969905F25E}.Debug|Any CPU.Build.0 = Debug|Any CPU
		{7935D75B-44D7-47DA-8BF3-73969905F25E}.Debug|ARM.ActiveCfg = Debug|Any CPU
		{7935D75B-44D7-47DA-8BF3-73969905F25E}.Debug|ARM.Build.0 = Debug|Any CPU
		{7935D75B-44D7-47DA-8BF3-73969905F25E}.Debug|iPhone.ActiveCfg = Debug|Any CPU
		{7935D75B-44D7-47DA-8BF3-73969905F25E}.Debug|iPhone.Build.0 = Debug|Any CPU
		{7935D75B-44D7-47DA-8BF3-73969905F25E}.Debug|iPhoneSimulator.ActiveCfg = Debug|Any CPU
		{7935D75B-44D7-47DA-8BF3-73969905F25E}.Debug|iPhoneSimulator.Build.0 = Debug|Any CPU
		{7935D75B-44D7-47DA-8BF3-73969905F25E}.Debug|x64.ActiveCfg = Debug|Any CPU
		{7935D75B-44D7-47DA-8BF3-73969905F25E}.Debug|x64.Build.0 = Debug|Any CPU
		{7935D75B-44D7-47DA-8BF3-73969905F25E}.Debug|x86.ActiveCfg = Debug|Any CPU
		{7935D75B-44D7-47DA-8BF3-73969905F25E}.Debug|x86.Build.0 = Debug|Any CPU
		{7935D75B-44D7-47DA-8BF3-73969905F25E}.Release|Any CPU.ActiveCfg = Release|Any CPU
		{7935D75B-44D7-47DA-8BF3-73969905F25E}.Release|Any CPU.Build.0 = Release|Any CPU
		{7935D75B-44D7-47DA-8BF3-73969905F25E}.Release|ARM.ActiveCfg = Release|Any CPU
		{7935D75B-44D7-47DA-8BF3-73969905F25E}.Release|ARM.Build.0 = Release|Any CPU
		{7935D75B-44D7-47DA-8BF3-73969905F25E}.Release|iPhone.ActiveCfg = Release|Any CPU
		{7935D75B-44D7-47DA-8BF3-73969905F25E}.Release|iPhone.Build.0 = Release|Any CPU
		{7935D75B-44D7-47DA-8BF3-73969905F25E}.Release|iPhoneSimulator.ActiveCfg = Release|Any CPU
		{7935D75B-44D7-47DA-8BF3-73969905F25E}.Release|iPhoneSimulator.Build.0 = Release|Any CPU
		{7935D75B-44D7-47DA-8BF3-73969905F25E}.Release|x64.ActiveCfg = Release|Any CPU
		{7935D75B-44D7-47DA-8BF3-73969905F25E}.Release|x64.Build.0 = Release|Any CPU
		{7935D75B-44D7-47DA-8BF3-73969905F25E}.Release|x86.ActiveCfg = Release|Any CPU
		{7935D75B-44D7-47DA-8BF3-73969905F25E}.Release|x86.Build.0 = Release|Any CPU
		{4C2D191E-8E99-45DF-BB85-F3D94DB25366}.Ad-Hoc|Any CPU.ActiveCfg = Release|Any CPU
		{4C2D191E-8E99-45DF-BB85-F3D94DB25366}.Ad-Hoc|Any CPU.Build.0 = Release|Any CPU
		{4C2D191E-8E99-45DF-BB85-F3D94DB25366}.Ad-Hoc|Any CPU.Deploy.0 = Release|Any CPU
		{4C2D191E-8E99-45DF-BB85-F3D94DB25366}.Ad-Hoc|ARM.ActiveCfg = Release|Any CPU
		{4C2D191E-8E99-45DF-BB85-F3D94DB25366}.Ad-Hoc|ARM.Build.0 = Release|Any CPU
		{4C2D191E-8E99-45DF-BB85-F3D94DB25366}.Ad-Hoc|ARM.Deploy.0 = Release|Any CPU
		{4C2D191E-8E99-45DF-BB85-F3D94DB25366}.Ad-Hoc|iPhone.ActiveCfg = Release|Any CPU
		{4C2D191E-8E99-45DF-BB85-F3D94DB25366}.Ad-Hoc|iPhone.Build.0 = Release|Any CPU
		{4C2D191E-8E99-45DF-BB85-F3D94DB25366}.Ad-Hoc|iPhone.Deploy.0 = Release|Any CPU
		{4C2D191E-8E99-45DF-BB85-F3D94DB25366}.Ad-Hoc|iPhoneSimulator.ActiveCfg = Release|Any CPU
		{4C2D191E-8E99-45DF-BB85-F3D94DB25366}.Ad-Hoc|iPhoneSimulator.Build.0 = Release|Any CPU
		{4C2D191E-8E99-45DF-BB85-F3D94DB25366}.Ad-Hoc|iPhoneSimulator.Deploy.0 = Release|Any CPU
		{4C2D191E-8E99-45DF-BB85-F3D94DB25366}.Ad-Hoc|x64.ActiveCfg = Release|Any CPU
		{4C2D191E-8E99-45DF-BB85-F3D94DB25366}.Ad-Hoc|x64.Build.0 = Release|Any CPU
		{4C2D191E-8E99-45DF-BB85-F3D94DB25366}.Ad-Hoc|x64.Deploy.0 = Release|Any CPU
		{4C2D191E-8E99-45DF-BB85-F3D94DB25366}.Ad-Hoc|x86.ActiveCfg = Release|Any CPU
		{4C2D191E-8E99-45DF-BB85-F3D94DB25366}.Ad-Hoc|x86.Build.0 = Release|Any CPU
		{4C2D191E-8E99-45DF-BB85-F3D94DB25366}.Ad-Hoc|x86.Deploy.0 = Release|Any CPU
		{4C2D191E-8E99-45DF-BB85-F3D94DB25366}.AppStore|Any CPU.ActiveCfg = Release|Any CPU
		{4C2D191E-8E99-45DF-BB85-F3D94DB25366}.AppStore|Any CPU.Build.0 = Release|Any CPU
		{4C2D191E-8E99-45DF-BB85-F3D94DB25366}.AppStore|Any CPU.Deploy.0 = Release|Any CPU
		{4C2D191E-8E99-45DF-BB85-F3D94DB25366}.AppStore|ARM.ActiveCfg = Release|Any CPU
		{4C2D191E-8E99-45DF-BB85-F3D94DB25366}.AppStore|ARM.Build.0 = Release|Any CPU
		{4C2D191E-8E99-45DF-BB85-F3D94DB25366}.AppStore|ARM.Deploy.0 = Release|Any CPU
		{4C2D191E-8E99-45DF-BB85-F3D94DB25366}.AppStore|iPhone.ActiveCfg = Release|Any CPU
		{4C2D191E-8E99-45DF-BB85-F3D94DB25366}.AppStore|iPhone.Build.0 = Release|Any CPU
		{4C2D191E-8E99-45DF-BB85-F3D94DB25366}.AppStore|iPhone.Deploy.0 = Release|Any CPU
		{4C2D191E-8E99-45DF-BB85-F3D94DB25366}.AppStore|iPhoneSimulator.ActiveCfg = Release|Any CPU
		{4C2D191E-8E99-45DF-BB85-F3D94DB25366}.AppStore|iPhoneSimulator.Build.0 = Release|Any CPU
		{4C2D191E-8E99-45DF-BB85-F3D94DB25366}.AppStore|iPhoneSimulator.Deploy.0 = Release|Any CPU
		{4C2D191E-8E99-45DF-BB85-F3D94DB25366}.AppStore|x64.ActiveCfg = Release|Any CPU
		{4C2D191E-8E99-45DF-BB85-F3D94DB25366}.AppStore|x64.Build.0 = Release|Any CPU
		{4C2D191E-8E99-45DF-BB85-F3D94DB25366}.AppStore|x64.Deploy.0 = Release|Any CPU
		{4C2D191E-8E99-45DF-BB85-F3D94DB25366}.AppStore|x86.ActiveCfg = Release|Any CPU
		{4C2D191E-8E99-45DF-BB85-F3D94DB25366}.AppStore|x86.Build.0 = Release|Any CPU
		{4C2D191E-8E99-45DF-BB85-F3D94DB25366}.AppStore|x86.Deploy.0 = Release|Any CPU
		{4C2D191E-8E99-45DF-BB85-F3D94DB25366}.Debug|Any CPU.ActiveCfg = Debug|Any CPU
		{4C2D191E-8E99-45DF-BB85-F3D94DB25366}.Debug|Any CPU.Build.0 = Debug|Any CPU
		{4C2D191E-8E99-45DF-BB85-F3D94DB25366}.Debug|Any CPU.Deploy.0 = Debug|Any CPU
		{4C2D191E-8E99-45DF-BB85-F3D94DB25366}.Debug|ARM.ActiveCfg = Debug|Any CPU
		{4C2D191E-8E99-45DF-BB85-F3D94DB25366}.Debug|ARM.Build.0 = Debug|Any CPU
		{4C2D191E-8E99-45DF-BB85-F3D94DB25366}.Debug|ARM.Deploy.0 = Debug|Any CPU
		{4C2D191E-8E99-45DF-BB85-F3D94DB25366}.Debug|iPhone.ActiveCfg = Debug|Any CPU
		{4C2D191E-8E99-45DF-BB85-F3D94DB25366}.Debug|iPhone.Build.0 = Debug|Any CPU
		{4C2D191E-8E99-45DF-BB85-F3D94DB25366}.Debug|iPhone.Deploy.0 = Debug|Any CPU
		{4C2D191E-8E99-45DF-BB85-F3D94DB25366}.Debug|iPhoneSimulator.ActiveCfg = Debug|Any CPU
		{4C2D191E-8E99-45DF-BB85-F3D94DB25366}.Debug|iPhoneSimulator.Build.0 = Debug|Any CPU
		{4C2D191E-8E99-45DF-BB85-F3D94DB25366}.Debug|iPhoneSimulator.Deploy.0 = Debug|Any CPU
		{4C2D191E-8E99-45DF-BB85-F3D94DB25366}.Debug|x64.ActiveCfg = Debug|Any CPU
		{4C2D191E-8E99-45DF-BB85-F3D94DB25366}.Debug|x64.Build.0 = Debug|Any CPU
		{4C2D191E-8E99-45DF-BB85-F3D94DB25366}.Debug|x64.Deploy.0 = Debug|Any CPU
		{4C2D191E-8E99-45DF-BB85-F3D94DB25366}.Debug|x86.ActiveCfg = Debug|Any CPU
		{4C2D191E-8E99-45DF-BB85-F3D94DB25366}.Debug|x86.Build.0 = Debug|Any CPU
		{4C2D191E-8E99-45DF-BB85-F3D94DB25366}.Debug|x86.Deploy.0 = Debug|Any CPU
		{4C2D191E-8E99-45DF-BB85-F3D94DB25366}.Release|Any CPU.ActiveCfg = Release|Any CPU
		{4C2D191E-8E99-45DF-BB85-F3D94DB25366}.Release|Any CPU.Build.0 = Release|Any CPU
		{4C2D191E-8E99-45DF-BB85-F3D94DB25366}.Release|Any CPU.Deploy.0 = Release|Any CPU
		{4C2D191E-8E99-45DF-BB85-F3D94DB25366}.Release|ARM.ActiveCfg = Release|Any CPU
		{4C2D191E-8E99-45DF-BB85-F3D94DB25366}.Release|ARM.Build.0 = Release|Any CPU
		{4C2D191E-8E99-45DF-BB85-F3D94DB25366}.Release|ARM.Deploy.0 = Release|Any CPU
		{4C2D191E-8E99-45DF-BB85-F3D94DB25366}.Release|iPhone.ActiveCfg = Release|Any CPU
		{4C2D191E-8E99-45DF-BB85-F3D94DB25366}.Release|iPhone.Build.0 = Release|Any CPU
		{4C2D191E-8E99-45DF-BB85-F3D94DB25366}.Release|iPhone.Deploy.0 = Release|Any CPU
		{4C2D191E-8E99-45DF-BB85-F3D94DB25366}.Release|iPhoneSimulator.ActiveCfg = Release|Any CPU
		{4C2D191E-8E99-45DF-BB85-F3D94DB25366}.Release|iPhoneSimulator.Build.0 = Release|Any CPU
		{4C2D191E-8E99-45DF-BB85-F3D94DB25366}.Release|iPhoneSimulator.Deploy.0 = Release|Any CPU
		{4C2D191E-8E99-45DF-BB85-F3D94DB25366}.Release|x64.ActiveCfg = Release|Any CPU
		{4C2D191E-8E99-45DF-BB85-F3D94DB25366}.Release|x64.Build.0 = Release|Any CPU
		{4C2D191E-8E99-45DF-BB85-F3D94DB25366}.Release|x64.Deploy.0 = Release|Any CPU
		{4C2D191E-8E99-45DF-BB85-F3D94DB25366}.Release|x86.ActiveCfg = Release|Any CPU
		{4C2D191E-8E99-45DF-BB85-F3D94DB25366}.Release|x86.Build.0 = Release|Any CPU
		{4C2D191E-8E99-45DF-BB85-F3D94DB25366}.Release|x86.Deploy.0 = Release|Any CPU
		{E70EF0D7-F33C-4D97-9E55-743766782405}.Ad-Hoc|Any CPU.ActiveCfg = Ad-Hoc|iPhone
		{E70EF0D7-F33C-4D97-9E55-743766782405}.Ad-Hoc|ARM.ActiveCfg = Ad-Hoc|iPhone
		{E70EF0D7-F33C-4D97-9E55-743766782405}.Ad-Hoc|iPhone.ActiveCfg = Ad-Hoc|iPhone
		{E70EF0D7-F33C-4D97-9E55-743766782405}.Ad-Hoc|iPhone.Build.0 = Ad-Hoc|iPhone
		{E70EF0D7-F33C-4D97-9E55-743766782405}.Ad-Hoc|iPhoneSimulator.ActiveCfg = Ad-Hoc|iPhoneSimulator
		{E70EF0D7-F33C-4D97-9E55-743766782405}.Ad-Hoc|iPhoneSimulator.Build.0 = Ad-Hoc|iPhoneSimulator
		{E70EF0D7-F33C-4D97-9E55-743766782405}.Ad-Hoc|x64.ActiveCfg = Ad-Hoc|iPhone
		{E70EF0D7-F33C-4D97-9E55-743766782405}.Ad-Hoc|x86.ActiveCfg = Ad-Hoc|iPhone
		{E70EF0D7-F33C-4D97-9E55-743766782405}.AppStore|Any CPU.ActiveCfg = AppStore|iPhone
		{E70EF0D7-F33C-4D97-9E55-743766782405}.AppStore|ARM.ActiveCfg = AppStore|iPhone
		{E70EF0D7-F33C-4D97-9E55-743766782405}.AppStore|iPhone.ActiveCfg = AppStore|iPhone
		{E70EF0D7-F33C-4D97-9E55-743766782405}.AppStore|iPhone.Build.0 = AppStore|iPhone
		{E70EF0D7-F33C-4D97-9E55-743766782405}.AppStore|iPhoneSimulator.ActiveCfg = AppStore|iPhoneSimulator
		{E70EF0D7-F33C-4D97-9E55-743766782405}.AppStore|iPhoneSimulator.Build.0 = AppStore|iPhoneSimulator
		{E70EF0D7-F33C-4D97-9E55-743766782405}.AppStore|x64.ActiveCfg = AppStore|iPhone
		{E70EF0D7-F33C-4D97-9E55-743766782405}.AppStore|x86.ActiveCfg = AppStore|iPhone
		{E70EF0D7-F33C-4D97-9E55-743766782405}.Debug|Any CPU.ActiveCfg = Debug|iPhone
		{E70EF0D7-F33C-4D97-9E55-743766782405}.Debug|ARM.ActiveCfg = Debug|iPhone
		{E70EF0D7-F33C-4D97-9E55-743766782405}.Debug|iPhone.ActiveCfg = Debug|iPhone
		{E70EF0D7-F33C-4D97-9E55-743766782405}.Debug|iPhone.Build.0 = Debug|iPhone
		{E70EF0D7-F33C-4D97-9E55-743766782405}.Debug|iPhoneSimulator.ActiveCfg = Debug|iPhoneSimulator
		{E70EF0D7-F33C-4D97-9E55-743766782405}.Debug|iPhoneSimulator.Build.0 = Debug|iPhoneSimulator
		{E70EF0D7-F33C-4D97-9E55-743766782405}.Debug|x64.ActiveCfg = Debug|iPhone
		{E70EF0D7-F33C-4D97-9E55-743766782405}.Debug|x86.ActiveCfg = Debug|iPhone
		{E70EF0D7-F33C-4D97-9E55-743766782405}.Release|Any CPU.ActiveCfg = Release|iPhone
		{E70EF0D7-F33C-4D97-9E55-743766782405}.Release|ARM.ActiveCfg = Release|iPhone
		{E70EF0D7-F33C-4D97-9E55-743766782405}.Release|iPhone.ActiveCfg = Release|iPhone
		{E70EF0D7-F33C-4D97-9E55-743766782405}.Release|iPhone.Build.0 = Release|iPhone
		{E70EF0D7-F33C-4D97-9E55-743766782405}.Release|iPhoneSimulator.ActiveCfg = Release|iPhoneSimulator
		{E70EF0D7-F33C-4D97-9E55-743766782405}.Release|iPhoneSimulator.Build.0 = Release|iPhoneSimulator
		{E70EF0D7-F33C-4D97-9E55-743766782405}.Release|x64.ActiveCfg = Release|iPhone
		{E70EF0D7-F33C-4D97-9E55-743766782405}.Release|x86.ActiveCfg = Release|iPhone
		{2205C3F3-2C45-47B1-A119-C5F976BE2A5C}.Ad-Hoc|Any CPU.ActiveCfg = Release|Any CPU
		{2205C3F3-2C45-47B1-A119-C5F976BE2A5C}.Ad-Hoc|Any CPU.Build.0 = Release|Any CPU
		{2205C3F3-2C45-47B1-A119-C5F976BE2A5C}.Ad-Hoc|Any CPU.Deploy.0 = Release|Any CPU
		{2205C3F3-2C45-47B1-A119-C5F976BE2A5C}.Ad-Hoc|ARM.ActiveCfg = Release|ARM
		{2205C3F3-2C45-47B1-A119-C5F976BE2A5C}.Ad-Hoc|ARM.Build.0 = Release|ARM
		{2205C3F3-2C45-47B1-A119-C5F976BE2A5C}.Ad-Hoc|ARM.Deploy.0 = Release|ARM
		{2205C3F3-2C45-47B1-A119-C5F976BE2A5C}.Ad-Hoc|iPhone.ActiveCfg = Release|Any CPU
		{2205C3F3-2C45-47B1-A119-C5F976BE2A5C}.Ad-Hoc|iPhone.Build.0 = Release|Any CPU
		{2205C3F3-2C45-47B1-A119-C5F976BE2A5C}.Ad-Hoc|iPhone.Deploy.0 = Release|Any CPU
		{2205C3F3-2C45-47B1-A119-C5F976BE2A5C}.Ad-Hoc|iPhoneSimulator.ActiveCfg = Release|Any CPU
		{2205C3F3-2C45-47B1-A119-C5F976BE2A5C}.Ad-Hoc|iPhoneSimulator.Build.0 = Release|Any CPU
		{2205C3F3-2C45-47B1-A119-C5F976BE2A5C}.Ad-Hoc|iPhoneSimulator.Deploy.0 = Release|Any CPU
		{2205C3F3-2C45-47B1-A119-C5F976BE2A5C}.Ad-Hoc|x64.ActiveCfg = Release|Any CPU
		{2205C3F3-2C45-47B1-A119-C5F976BE2A5C}.Ad-Hoc|x64.Build.0 = Release|Any CPU
		{2205C3F3-2C45-47B1-A119-C5F976BE2A5C}.Ad-Hoc|x64.Deploy.0 = Release|Any CPU
		{2205C3F3-2C45-47B1-A119-C5F976BE2A5C}.Ad-Hoc|x86.ActiveCfg = Release|x86
		{2205C3F3-2C45-47B1-A119-C5F976BE2A5C}.Ad-Hoc|x86.Build.0 = Release|x86
		{2205C3F3-2C45-47B1-A119-C5F976BE2A5C}.Ad-Hoc|x86.Deploy.0 = Release|x86
		{2205C3F3-2C45-47B1-A119-C5F976BE2A5C}.AppStore|Any CPU.ActiveCfg = Release|Any CPU
		{2205C3F3-2C45-47B1-A119-C5F976BE2A5C}.AppStore|Any CPU.Build.0 = Release|Any CPU
		{2205C3F3-2C45-47B1-A119-C5F976BE2A5C}.AppStore|Any CPU.Deploy.0 = Release|Any CPU
		{2205C3F3-2C45-47B1-A119-C5F976BE2A5C}.AppStore|ARM.ActiveCfg = Release|ARM
		{2205C3F3-2C45-47B1-A119-C5F976BE2A5C}.AppStore|ARM.Build.0 = Release|ARM
		{2205C3F3-2C45-47B1-A119-C5F976BE2A5C}.AppStore|ARM.Deploy.0 = Release|ARM
		{2205C3F3-2C45-47B1-A119-C5F976BE2A5C}.AppStore|iPhone.ActiveCfg = Release|Any CPU
		{2205C3F3-2C45-47B1-A119-C5F976BE2A5C}.AppStore|iPhone.Build.0 = Release|Any CPU
		{2205C3F3-2C45-47B1-A119-C5F976BE2A5C}.AppStore|iPhone.Deploy.0 = Release|Any CPU
		{2205C3F3-2C45-47B1-A119-C5F976BE2A5C}.AppStore|iPhoneSimulator.ActiveCfg = Release|Any CPU
		{2205C3F3-2C45-47B1-A119-C5F976BE2A5C}.AppStore|iPhoneSimulator.Build.0 = Release|Any CPU
		{2205C3F3-2C45-47B1-A119-C5F976BE2A5C}.AppStore|iPhoneSimulator.Deploy.0 = Release|Any CPU
		{2205C3F3-2C45-47B1-A119-C5F976BE2A5C}.AppStore|x64.ActiveCfg = Release|Any CPU
		{2205C3F3-2C45-47B1-A119-C5F976BE2A5C}.AppStore|x64.Build.0 = Release|Any CPU
		{2205C3F3-2C45-47B1-A119-C5F976BE2A5C}.AppStore|x64.Deploy.0 = Release|Any CPU
		{2205C3F3-2C45-47B1-A119-C5F976BE2A5C}.AppStore|x86.ActiveCfg = Release|x86
		{2205C3F3-2C45-47B1-A119-C5F976BE2A5C}.AppStore|x86.Build.0 = Release|x86
		{2205C3F3-2C45-47B1-A119-C5F976BE2A5C}.AppStore|x86.Deploy.0 = Release|x86
		{2205C3F3-2C45-47B1-A119-C5F976BE2A5C}.Debug|Any CPU.ActiveCfg = Debug|Any CPU
		{2205C3F3-2C45-47B1-A119-C5F976BE2A5C}.Debug|Any CPU.Build.0 = Debug|Any CPU
		{2205C3F3-2C45-47B1-A119-C5F976BE2A5C}.Debug|Any CPU.Deploy.0 = Debug|Any CPU
		{2205C3F3-2C45-47B1-A119-C5F976BE2A5C}.Debug|ARM.ActiveCfg = Debug|ARM
		{2205C3F3-2C45-47B1-A119-C5F976BE2A5C}.Debug|ARM.Build.0 = Debug|ARM
		{2205C3F3-2C45-47B1-A119-C5F976BE2A5C}.Debug|ARM.Deploy.0 = Debug|ARM
		{2205C3F3-2C45-47B1-A119-C5F976BE2A5C}.Debug|iPhone.ActiveCfg = Debug|Any CPU
		{2205C3F3-2C45-47B1-A119-C5F976BE2A5C}.Debug|iPhone.Build.0 = Debug|Any CPU
		{2205C3F3-2C45-47B1-A119-C5F976BE2A5C}.Debug|iPhone.Deploy.0 = Debug|Any CPU
		{2205C3F3-2C45-47B1-A119-C5F976BE2A5C}.Debug|iPhoneSimulator.ActiveCfg = Debug|Any CPU
		{2205C3F3-2C45-47B1-A119-C5F976BE2A5C}.Debug|iPhoneSimulator.Build.0 = Debug|Any CPU
		{2205C3F3-2C45-47B1-A119-C5F976BE2A5C}.Debug|iPhoneSimulator.Deploy.0 = Debug|Any CPU
		{2205C3F3-2C45-47B1-A119-C5F976BE2A5C}.Debug|x64.ActiveCfg = Debug|Any CPU
		{2205C3F3-2C45-47B1-A119-C5F976BE2A5C}.Debug|x64.Build.0 = Debug|Any CPU
		{2205C3F3-2C45-47B1-A119-C5F976BE2A5C}.Debug|x64.Deploy.0 = Debug|Any CPU
		{2205C3F3-2C45-47B1-A119-C5F976BE2A5C}.Debug|x86.ActiveCfg = Debug|x86
		{2205C3F3-2C45-47B1-A119-C5F976BE2A5C}.Debug|x86.Build.0 = Debug|x86
		{2205C3F3-2C45-47B1-A119-C5F976BE2A5C}.Debug|x86.Deploy.0 = Debug|x86
		{2205C3F3-2C45-47B1-A119-C5F976BE2A5C}.Release|Any CPU.ActiveCfg = Release|Any CPU
		{2205C3F3-2C45-47B1-A119-C5F976BE2A5C}.Release|Any CPU.Build.0 = Release|Any CPU
		{2205C3F3-2C45-47B1-A119-C5F976BE2A5C}.Release|Any CPU.Deploy.0 = Release|Any CPU
		{2205C3F3-2C45-47B1-A119-C5F976BE2A5C}.Release|ARM.ActiveCfg = Release|ARM
		{2205C3F3-2C45-47B1-A119-C5F976BE2A5C}.Release|ARM.Build.0 = Release|ARM
		{2205C3F3-2C45-47B1-A119-C5F976BE2A5C}.Release|ARM.Deploy.0 = Release|ARM
		{2205C3F3-2C45-47B1-A119-C5F976BE2A5C}.Release|iPhone.ActiveCfg = Release|Any CPU
		{2205C3F3-2C45-47B1-A119-C5F976BE2A5C}.Release|iPhone.Build.0 = Release|Any CPU
		{2205C3F3-2C45-47B1-A119-C5F976BE2A5C}.Release|iPhone.Deploy.0 = Release|Any CPU
		{2205C3F3-2C45-47B1-A119-C5F976BE2A5C}.Release|iPhoneSimulator.ActiveCfg = Release|Any CPU
		{2205C3F3-2C45-47B1-A119-C5F976BE2A5C}.Release|iPhoneSimulator.Build.0 = Release|Any CPU
		{2205C3F3-2C45-47B1-A119-C5F976BE2A5C}.Release|iPhoneSimulator.Deploy.0 = Release|Any CPU
		{2205C3F3-2C45-47B1-A119-C5F976BE2A5C}.Release|x64.ActiveCfg = Release|Any CPU
		{2205C3F3-2C45-47B1-A119-C5F976BE2A5C}.Release|x64.Build.0 = Release|Any CPU
		{2205C3F3-2C45-47B1-A119-C5F976BE2A5C}.Release|x64.Deploy.0 = Release|Any CPU
		{2205C3F3-2C45-47B1-A119-C5F976BE2A5C}.Release|x86.ActiveCfg = Release|x86
		{2205C3F3-2C45-47B1-A119-C5F976BE2A5C}.Release|x86.Build.0 = Release|x86
		{2205C3F3-2C45-47B1-A119-C5F976BE2A5C}.Release|x86.Deploy.0 = Release|x86
		{393F0202-535A-4D6C-9EF7-DCAFBF1371FF}.Ad-Hoc|Any CPU.ActiveCfg = Release|x86
		{393F0202-535A-4D6C-9EF7-DCAFBF1371FF}.Ad-Hoc|Any CPU.Build.0 = Release|x86
		{393F0202-535A-4D6C-9EF7-DCAFBF1371FF}.Ad-Hoc|Any CPU.Deploy.0 = Release|x86
		{393F0202-535A-4D6C-9EF7-DCAFBF1371FF}.Ad-Hoc|ARM.ActiveCfg = Release|ARM
		{393F0202-535A-4D6C-9EF7-DCAFBF1371FF}.Ad-Hoc|ARM.Build.0 = Release|ARM
		{393F0202-535A-4D6C-9EF7-DCAFBF1371FF}.Ad-Hoc|ARM.Deploy.0 = Release|ARM
		{393F0202-535A-4D6C-9EF7-DCAFBF1371FF}.Ad-Hoc|iPhone.ActiveCfg = Release|x86
		{393F0202-535A-4D6C-9EF7-DCAFBF1371FF}.Ad-Hoc|iPhone.Build.0 = Release|x86
		{393F0202-535A-4D6C-9EF7-DCAFBF1371FF}.Ad-Hoc|iPhone.Deploy.0 = Release|x86
		{393F0202-535A-4D6C-9EF7-DCAFBF1371FF}.Ad-Hoc|iPhoneSimulator.ActiveCfg = Release|x86
		{393F0202-535A-4D6C-9EF7-DCAFBF1371FF}.Ad-Hoc|iPhoneSimulator.Build.0 = Release|x86
		{393F0202-535A-4D6C-9EF7-DCAFBF1371FF}.Ad-Hoc|iPhoneSimulator.Deploy.0 = Release|x86
		{393F0202-535A-4D6C-9EF7-DCAFBF1371FF}.Ad-Hoc|x64.ActiveCfg = Release|x64
		{393F0202-535A-4D6C-9EF7-DCAFBF1371FF}.Ad-Hoc|x64.Build.0 = Release|x64
		{393F0202-535A-4D6C-9EF7-DCAFBF1371FF}.Ad-Hoc|x64.Deploy.0 = Release|x64
		{393F0202-535A-4D6C-9EF7-DCAFBF1371FF}.Ad-Hoc|x86.ActiveCfg = Release|x86
		{393F0202-535A-4D6C-9EF7-DCAFBF1371FF}.Ad-Hoc|x86.Build.0 = Release|x86
		{393F0202-535A-4D6C-9EF7-DCAFBF1371FF}.Ad-Hoc|x86.Deploy.0 = Release|x86
		{393F0202-535A-4D6C-9EF7-DCAFBF1371FF}.AppStore|Any CPU.ActiveCfg = Release|x86
		{393F0202-535A-4D6C-9EF7-DCAFBF1371FF}.AppStore|Any CPU.Build.0 = Release|x86
		{393F0202-535A-4D6C-9EF7-DCAFBF1371FF}.AppStore|Any CPU.Deploy.0 = Release|x86
		{393F0202-535A-4D6C-9EF7-DCAFBF1371FF}.AppStore|ARM.ActiveCfg = Release|ARM
		{393F0202-535A-4D6C-9EF7-DCAFBF1371FF}.AppStore|ARM.Build.0 = Release|ARM
		{393F0202-535A-4D6C-9EF7-DCAFBF1371FF}.AppStore|ARM.Deploy.0 = Release|ARM
		{393F0202-535A-4D6C-9EF7-DCAFBF1371FF}.AppStore|iPhone.ActiveCfg = Release|x86
		{393F0202-535A-4D6C-9EF7-DCAFBF1371FF}.AppStore|iPhone.Build.0 = Release|x86
		{393F0202-535A-4D6C-9EF7-DCAFBF1371FF}.AppStore|iPhone.Deploy.0 = Release|x86
		{393F0202-535A-4D6C-9EF7-DCAFBF1371FF}.AppStore|iPhoneSimulator.ActiveCfg = Release|x86
		{393F0202-535A-4D6C-9EF7-DCAFBF1371FF}.AppStore|iPhoneSimulator.Build.0 = Release|x86
		{393F0202-535A-4D6C-9EF7-DCAFBF1371FF}.AppStore|iPhoneSimulator.Deploy.0 = Release|x86
		{393F0202-535A-4D6C-9EF7-DCAFBF1371FF}.AppStore|x64.ActiveCfg = Release|x64
		{393F0202-535A-4D6C-9EF7-DCAFBF1371FF}.AppStore|x64.Build.0 = Release|x64
		{393F0202-535A-4D6C-9EF7-DCAFBF1371FF}.AppStore|x64.Deploy.0 = Release|x64
		{393F0202-535A-4D6C-9EF7-DCAFBF1371FF}.AppStore|x86.ActiveCfg = Release|x86
		{393F0202-535A-4D6C-9EF7-DCAFBF1371FF}.AppStore|x86.Build.0 = Release|x86
		{393F0202-535A-4D6C-9EF7-DCAFBF1371FF}.AppStore|x86.Deploy.0 = Release|x86
		{393F0202-535A-4D6C-9EF7-DCAFBF1371FF}.Debug|Any CPU.ActiveCfg = Debug|x86
		{393F0202-535A-4D6C-9EF7-DCAFBF1371FF}.Debug|ARM.ActiveCfg = Debug|ARM
		{393F0202-535A-4D6C-9EF7-DCAFBF1371FF}.Debug|ARM.Build.0 = Debug|ARM
		{393F0202-535A-4D6C-9EF7-DCAFBF1371FF}.Debug|ARM.Deploy.0 = Debug|ARM
		{393F0202-535A-4D6C-9EF7-DCAFBF1371FF}.Debug|iPhone.ActiveCfg = Debug|x86
		{393F0202-535A-4D6C-9EF7-DCAFBF1371FF}.Debug|iPhoneSimulator.ActiveCfg = Debug|x86
		{393F0202-535A-4D6C-9EF7-DCAFBF1371FF}.Debug|x64.ActiveCfg = Debug|x64
		{393F0202-535A-4D6C-9EF7-DCAFBF1371FF}.Debug|x64.Build.0 = Debug|x64
		{393F0202-535A-4D6C-9EF7-DCAFBF1371FF}.Debug|x64.Deploy.0 = Debug|x64
		{393F0202-535A-4D6C-9EF7-DCAFBF1371FF}.Debug|x86.ActiveCfg = Debug|x86
		{393F0202-535A-4D6C-9EF7-DCAFBF1371FF}.Debug|x86.Build.0 = Debug|x86
		{393F0202-535A-4D6C-9EF7-DCAFBF1371FF}.Debug|x86.Deploy.0 = Debug|x86
		{393F0202-535A-4D6C-9EF7-DCAFBF1371FF}.Release|Any CPU.ActiveCfg = Release|x86
		{393F0202-535A-4D6C-9EF7-DCAFBF1371FF}.Release|ARM.ActiveCfg = Release|ARM
		{393F0202-535A-4D6C-9EF7-DCAFBF1371FF}.Release|ARM.Build.0 = Release|ARM
		{393F0202-535A-4D6C-9EF7-DCAFBF1371FF}.Release|ARM.Deploy.0 = Release|ARM
		{393F0202-535A-4D6C-9EF7-DCAFBF1371FF}.Release|iPhone.ActiveCfg = Release|x86
		{393F0202-535A-4D6C-9EF7-DCAFBF1371FF}.Release|iPhoneSimulator.ActiveCfg = Release|x86
		{393F0202-535A-4D6C-9EF7-DCAFBF1371FF}.Release|x64.ActiveCfg = Release|x64
		{393F0202-535A-4D6C-9EF7-DCAFBF1371FF}.Release|x64.Build.0 = Release|x64
		{393F0202-535A-4D6C-9EF7-DCAFBF1371FF}.Release|x64.Deploy.0 = Release|x64
		{393F0202-535A-4D6C-9EF7-DCAFBF1371FF}.Release|x86.ActiveCfg = Release|x86
		{393F0202-535A-4D6C-9EF7-DCAFBF1371FF}.Release|x86.Build.0 = Release|x86
		{393F0202-535A-4D6C-9EF7-DCAFBF1371FF}.Release|x86.Deploy.0 = Release|x86
		{77CB4C61-6C7F-4633-8694-1DEC02C3E3B8}.Ad-Hoc|Any CPU.ActiveCfg = Release|Any CPU
		{77CB4C61-6C7F-4633-8694-1DEC02C3E3B8}.Ad-Hoc|Any CPU.Build.0 = Release|Any CPU
		{77CB4C61-6C7F-4633-8694-1DEC02C3E3B8}.Ad-Hoc|Any CPU.Deploy.0 = Release|Any CPU
		{77CB4C61-6C7F-4633-8694-1DEC02C3E3B8}.Ad-Hoc|ARM.ActiveCfg = Release|ARM
		{77CB4C61-6C7F-4633-8694-1DEC02C3E3B8}.Ad-Hoc|ARM.Build.0 = Release|ARM
		{77CB4C61-6C7F-4633-8694-1DEC02C3E3B8}.Ad-Hoc|ARM.Deploy.0 = Release|ARM
		{77CB4C61-6C7F-4633-8694-1DEC02C3E3B8}.Ad-Hoc|iPhone.ActiveCfg = Release|Any CPU
		{77CB4C61-6C7F-4633-8694-1DEC02C3E3B8}.Ad-Hoc|iPhone.Build.0 = Release|Any CPU
		{77CB4C61-6C7F-4633-8694-1DEC02C3E3B8}.Ad-Hoc|iPhone.Deploy.0 = Release|Any CPU
		{77CB4C61-6C7F-4633-8694-1DEC02C3E3B8}.Ad-Hoc|iPhoneSimulator.ActiveCfg = Release|Any CPU
		{77CB4C61-6C7F-4633-8694-1DEC02C3E3B8}.Ad-Hoc|iPhoneSimulator.Build.0 = Release|Any CPU
		{77CB4C61-6C7F-4633-8694-1DEC02C3E3B8}.Ad-Hoc|iPhoneSimulator.Deploy.0 = Release|Any CPU
		{77CB4C61-6C7F-4633-8694-1DEC02C3E3B8}.Ad-Hoc|x64.ActiveCfg = Release|x64
		{77CB4C61-6C7F-4633-8694-1DEC02C3E3B8}.Ad-Hoc|x64.Build.0 = Release|x64
		{77CB4C61-6C7F-4633-8694-1DEC02C3E3B8}.Ad-Hoc|x64.Deploy.0 = Release|x64
		{77CB4C61-6C7F-4633-8694-1DEC02C3E3B8}.Ad-Hoc|x86.ActiveCfg = Release|x86
		{77CB4C61-6C7F-4633-8694-1DEC02C3E3B8}.Ad-Hoc|x86.Build.0 = Release|x86
		{77CB4C61-6C7F-4633-8694-1DEC02C3E3B8}.Ad-Hoc|x86.Deploy.0 = Release|x86
		{77CB4C61-6C7F-4633-8694-1DEC02C3E3B8}.AppStore|Any CPU.ActiveCfg = Release|Any CPU
		{77CB4C61-6C7F-4633-8694-1DEC02C3E3B8}.AppStore|Any CPU.Build.0 = Release|Any CPU
		{77CB4C61-6C7F-4633-8694-1DEC02C3E3B8}.AppStore|Any CPU.Deploy.0 = Release|Any CPU
		{77CB4C61-6C7F-4633-8694-1DEC02C3E3B8}.AppStore|ARM.ActiveCfg = Release|ARM
		{77CB4C61-6C7F-4633-8694-1DEC02C3E3B8}.AppStore|ARM.Build.0 = Release|ARM
		{77CB4C61-6C7F-4633-8694-1DEC02C3E3B8}.AppStore|ARM.Deploy.0 = Release|ARM
		{77CB4C61-6C7F-4633-8694-1DEC02C3E3B8}.AppStore|iPhone.ActiveCfg = Release|Any CPU
		{77CB4C61-6C7F-4633-8694-1DEC02C3E3B8}.AppStore|iPhone.Build.0 = Release|Any CPU
		{77CB4C61-6C7F-4633-8694-1DEC02C3E3B8}.AppStore|iPhone.Deploy.0 = Release|Any CPU
		{77CB4C61-6C7F-4633-8694-1DEC02C3E3B8}.AppStore|iPhoneSimulator.ActiveCfg = Release|Any CPU
		{77CB4C61-6C7F-4633-8694-1DEC02C3E3B8}.AppStore|iPhoneSimulator.Build.0 = Release|Any CPU
		{77CB4C61-6C7F-4633-8694-1DEC02C3E3B8}.AppStore|iPhoneSimulator.Deploy.0 = Release|Any CPU
		{77CB4C61-6C7F-4633-8694-1DEC02C3E3B8}.AppStore|x64.ActiveCfg = Release|x64
		{77CB4C61-6C7F-4633-8694-1DEC02C3E3B8}.AppStore|x64.Build.0 = Release|x64
		{77CB4C61-6C7F-4633-8694-1DEC02C3E3B8}.AppStore|x64.Deploy.0 = Release|x64
		{77CB4C61-6C7F-4633-8694-1DEC02C3E3B8}.AppStore|x86.ActiveCfg = Release|x86
		{77CB4C61-6C7F-4633-8694-1DEC02C3E3B8}.AppStore|x86.Build.0 = Release|x86
		{77CB4C61-6C7F-4633-8694-1DEC02C3E3B8}.AppStore|x86.Deploy.0 = Release|x86
		{77CB4C61-6C7F-4633-8694-1DEC02C3E3B8}.Debug|Any CPU.ActiveCfg = Debug|Any CPU
		{77CB4C61-6C7F-4633-8694-1DEC02C3E3B8}.Debug|Any CPU.Build.0 = Debug|Any CPU
		{77CB4C61-6C7F-4633-8694-1DEC02C3E3B8}.Debug|Any CPU.Deploy.0 = Debug|Any CPU
		{77CB4C61-6C7F-4633-8694-1DEC02C3E3B8}.Debug|ARM.ActiveCfg = Debug|ARM
		{77CB4C61-6C7F-4633-8694-1DEC02C3E3B8}.Debug|ARM.Build.0 = Debug|ARM
		{77CB4C61-6C7F-4633-8694-1DEC02C3E3B8}.Debug|ARM.Deploy.0 = Debug|ARM
		{77CB4C61-6C7F-4633-8694-1DEC02C3E3B8}.Debug|iPhone.ActiveCfg = Debug|Any CPU
		{77CB4C61-6C7F-4633-8694-1DEC02C3E3B8}.Debug|iPhone.Build.0 = Debug|Any CPU
		{77CB4C61-6C7F-4633-8694-1DEC02C3E3B8}.Debug|iPhone.Deploy.0 = Debug|Any CPU
		{77CB4C61-6C7F-4633-8694-1DEC02C3E3B8}.Debug|iPhoneSimulator.ActiveCfg = Debug|Any CPU
		{77CB4C61-6C7F-4633-8694-1DEC02C3E3B8}.Debug|iPhoneSimulator.Build.0 = Debug|Any CPU
		{77CB4C61-6C7F-4633-8694-1DEC02C3E3B8}.Debug|iPhoneSimulator.Deploy.0 = Debug|Any CPU
		{77CB4C61-6C7F-4633-8694-1DEC02C3E3B8}.Debug|x64.ActiveCfg = Debug|x64
		{77CB4C61-6C7F-4633-8694-1DEC02C3E3B8}.Debug|x64.Build.0 = Debug|x64
		{77CB4C61-6C7F-4633-8694-1DEC02C3E3B8}.Debug|x64.Deploy.0 = Debug|x64
		{77CB4C61-6C7F-4633-8694-1DEC02C3E3B8}.Debug|x86.ActiveCfg = Debug|x86
		{77CB4C61-6C7F-4633-8694-1DEC02C3E3B8}.Debug|x86.Build.0 = Debug|x86
		{77CB4C61-6C7F-4633-8694-1DEC02C3E3B8}.Debug|x86.Deploy.0 = Debug|x86
		{77CB4C61-6C7F-4633-8694-1DEC02C3E3B8}.Release|Any CPU.ActiveCfg = Release|Any CPU
		{77CB4C61-6C7F-4633-8694-1DEC02C3E3B8}.Release|Any CPU.Build.0 = Release|Any CPU
		{77CB4C61-6C7F-4633-8694-1DEC02C3E3B8}.Release|Any CPU.Deploy.0 = Release|Any CPU
		{77CB4C61-6C7F-4633-8694-1DEC02C3E3B8}.Release|ARM.ActiveCfg = Release|ARM
		{77CB4C61-6C7F-4633-8694-1DEC02C3E3B8}.Release|ARM.Build.0 = Release|ARM
		{77CB4C61-6C7F-4633-8694-1DEC02C3E3B8}.Release|ARM.Deploy.0 = Release|ARM
		{77CB4C61-6C7F-4633-8694-1DEC02C3E3B8}.Release|iPhone.ActiveCfg = Release|Any CPU
		{77CB4C61-6C7F-4633-8694-1DEC02C3E3B8}.Release|iPhone.Build.0 = Release|Any CPU
		{77CB4C61-6C7F-4633-8694-1DEC02C3E3B8}.Release|iPhone.Deploy.0 = Release|Any CPU
		{77CB4C61-6C7F-4633-8694-1DEC02C3E3B8}.Release|iPhoneSimulator.ActiveCfg = Release|Any CPU
		{77CB4C61-6C7F-4633-8694-1DEC02C3E3B8}.Release|iPhoneSimulator.Build.0 = Release|Any CPU
		{77CB4C61-6C7F-4633-8694-1DEC02C3E3B8}.Release|iPhoneSimulator.Deploy.0 = Release|Any CPU
		{77CB4C61-6C7F-4633-8694-1DEC02C3E3B8}.Release|x64.ActiveCfg = Release|x64
		{77CB4C61-6C7F-4633-8694-1DEC02C3E3B8}.Release|x64.Build.0 = Release|x64
		{77CB4C61-6C7F-4633-8694-1DEC02C3E3B8}.Release|x64.Deploy.0 = Release|x64
		{77CB4C61-6C7F-4633-8694-1DEC02C3E3B8}.Release|x86.ActiveCfg = Release|x86
		{77CB4C61-6C7F-4633-8694-1DEC02C3E3B8}.Release|x86.Build.0 = Release|x86
		{77CB4C61-6C7F-4633-8694-1DEC02C3E3B8}.Release|x86.Deploy.0 = Release|x86
	EndGlobalSection
	GlobalSection(SolutionProperties) = preSolution
		HideSolutionNode = FALSE
	EndGlobalSection
EndGlobal
